
Microsoft Visual Studio Solution File, Format Version 12.00
# Visual Studio Version 17
VisualStudioVersion = 17.4.32916.344
MinimumVisualStudioVersion = 10.0.40219.1
Project("{FAE04EC0-301F-11D3-BF4B-00C04F79EFBC}") = "TF-IDF", "TF-IDF\TF-IDF.csproj", "{E99CA75E-F45C-4704-98F0-8A51DA6BC0A7}"
EndProject
Global
	GlobalSection(SolutionConfigurationPlatforms) = preSolution
		Debug|Any CPU = Debug|Any CPU
		Release|Any CPU = Release|Any CPU
	EndGlobalSection
	GlobalSection(ProjectConfigurationPlatforms) = postSolution
		{E99CA75E-F45C-4704-98F0-8A51DA6BC0A7}.Debug|Any CPU.ActiveCfg = Debug|Any CPU
		{E99CA75E-F45C-4704-98F0-8A51DA6BC0A7}.Debug|Any CPU.Build.0 = Debug|Any CPU
		{E99CA75E-F45C-4704-98F0-8A51DA6BC0A7}.Release|Any CPU.ActiveCfg = Release|Any CPU
		{E99CA75E-F45C-4704-98F0-8A51DA6BC0A7}.Release|Any CPU.Build.0 = Release|Any CPU
	EndGlobalSection
	GlobalSection(SolutionProperties) = preSolution
		HideSolutionNode = FALSE
	EndGlobalSection
	GlobalSection(ExtensibilityGlobals) = postSolution
		SolutionGuid = {47843273-A144-44FD-A315-5B52B69BFA6F}
	EndGlobalSection
EndGlobal
